
Microsoft Visual Studio Solution File, Format Version 12.00
# Visual Studio Version 17
VisualStudioVersion = 17.2.32630.192
MinimumVisualStudioVersion = 10.0.40219.1
Project("{2150E333-8FDC-42A3-9474-1A3956D46DE8}") = "samples", "samples", "{0E0C7795-488B-431F-839F-CC04D84C55D1}"
EndProject
Project("{2150E333-8FDC-42A3-9474-1A3956D46DE8}") = "src", "src", "{E2402D60-2461-49AC-ADD3-931FEAD3B4E5}"
EndProject
Project("{2150E333-8FDC-42A3-9474-1A3956D46DE8}") = "tests", "tests", "{A2F8888B-8E53-4356-A5C8-EC217FD288EA}"
EndProject
Project("{2150E333-8FDC-42A3-9474-1A3956D46DE8}") = "assets", "assets", "{C1406766-34C6-407C-B643-ED26AFC33E94}"
	ProjectSection(SolutionItems) = preProject
		assets\logo_128_128.png = assets\logo_128_128.png
		assets\logo_128_128_w.png = assets\logo_128_128_w.png
	EndProjectSection
EndProject
Project("{2150E333-8FDC-42A3-9474-1A3956D46DE8}") = "Sequoia", "Sequoia", "{DBD55618-6949-42AA-9A35-0AFFDE714910}"
EndProject
Project("{2150E333-8FDC-42A3-9474-1A3956D46DE8}") = "Authentication", "Authentication", "{0A55E907-0BC2-48D3-B39F-6F74B92E878A}"
EndProject
Project("{2150E333-8FDC-42A3-9474-1A3956D46DE8}") = "Data", "Data", "{6A8C9C32-FE87-4426-AFBB-9B2A853226C2}"
EndProject
Project("{2150E333-8FDC-42A3-9474-1A3956D46DE8}") = "Jobs", "Jobs", "{DFC2C18C-317E-423B-BC21-E5718E6E4E38}"
EndProject
Project("{2150E333-8FDC-42A3-9474-1A3956D46DE8}") = "Logging", "Logging", "{94A45EFE-CFAB-4150-AA33-2DC37A0C5741}"
EndProject
Project("{2150E333-8FDC-42A3-9474-1A3956D46DE8}") = "MessageBroker", "MessageBroker", "{754400B6-F4AA-4163-8191-CADFC6A2D196}"
EndProject
Project("{9A19103F-16F7-4668-BE54-9A1E7A4F7556}") = "Sequoia", "src\Sequoia\Sequoia\Sequoia.csproj", "{FBAD540E-E6E1-4D70-BA89-D72620368231}"
EndProject
Project("{9A19103F-16F7-4668-BE54-9A1E7A4F7556}") = "Sequoia.Kernel", "src\Sequoia\Sequoia.Kernel\Sequoia.Kernel.csproj", "{3292ECC8-732D-43F3-ADD5-62E58248A26B}"
EndProject
Project("{9A19103F-16F7-4668-BE54-9A1E7A4F7556}") = "Sequoia.Kernel.Utilities", "src\Sequoia\Sequoia.Kernel.Utilities\Sequoia.Kernel.Utilities.csproj", "{7599A270-E68A-4C2F-B8E8-D5F4245B6357}"
EndProject
Project("{2150E333-8FDC-42A3-9474-1A3956D46DE8}") = "items", "items", "{5616CB03-E05F-4F92-A661-91C83CD631A4}"
	ProjectSection(SolutionItems) = preProject
		LICENSE.txt = LICENSE.txt
		README.md = README.md
	EndProjectSection
EndProject
Project("{9A19103F-16F7-4668-BE54-9A1E7A4F7556}") = "Sequoia.Authentication", "src\Authentication\Sequoia.Authentication\Sequoia.Authentication.csproj", "{D4A30767-D349-4091-8C16-AA12050E5A22}"
EndProject
Project("{9A19103F-16F7-4668-BE54-9A1E7A4F7556}") = "Sequoia.Authentication.Basic", "src\Authentication\Sequoia.Authentication.Basic\Sequoia.Authentication.Basic.csproj", "{1327583D-3393-4235-8C19-5B6F9085B77A}"
EndProject
Project("{9A19103F-16F7-4668-BE54-9A1E7A4F7556}") = "Sequoia.Authentication.Bearer", "src\Authentication\Sequoia.Authentication.Bearer\Sequoia.Authentication.Bearer.csproj", "{A0E85697-3E91-45B6-A91B-9BED7E259FDC}"
EndProject
Project("{9A19103F-16F7-4668-BE54-9A1E7A4F7556}") = "Sequoia.Data", "src\Data\Sequoia.Data\Sequoia.Data.csproj", "{FC4F9691-BE1D-4A92-991D-C54F076D748D}"
EndProject
Project("{9A19103F-16F7-4668-BE54-9A1E7A4F7556}") = "Sequoia.Data.Dapper", "src\Data\Sequoia.Data.Dapper\Sequoia.Data.Dapper.csproj", "{C151DF3A-FAC2-46F4-B359-9C899B6E859E}"
EndProject
Project("{9A19103F-16F7-4668-BE54-9A1E7A4F7556}") = "Sequoia.Data.Mongo", "src\Data\Sequoia.Data.Mongo\Sequoia.Data.Mongo.csproj", "{F7A2946E-4DEF-4FCE-B9BD-0F21FE7E8531}"
EndProject
Project("{9A19103F-16F7-4668-BE54-9A1E7A4F7556}") = "Sequoia.Data.Postgresql", "src\Data\Sequoia.Data.Postgresql\Sequoia.Data.Postgresql.csproj", "{0F44154B-C68F-44DD-9253-FB4D06C57341}"
EndProject
Project("{9A19103F-16F7-4668-BE54-9A1E7A4F7556}") = "Sequoia.Data.WebClient", "src\Data\Sequoia.Data.WebClient\Sequoia.Data.WebClient.csproj", "{45340D86-33E1-47AD-BD15-66BDFEF5ABDC}"
EndProject
Project("{9A19103F-16F7-4668-BE54-9A1E7A4F7556}") = "Sequoia.Jobs", "src\Jobs\Sequoia.Jobs\Sequoia.Jobs.csproj", "{B29CB940-BCC5-464D-9CC4-F24A3DE500AF}"
EndProject
Project("{9A19103F-16F7-4668-BE54-9A1E7A4F7556}") = "Sequoia.Jobs.Quartz", "src\Jobs\Sequoia.Jobs.Quartz\Sequoia.Jobs.Quartz.csproj", "{7883A593-CF0C-48D6-A59F-369041B3B3E7}"
EndProject
Project("{9A19103F-16F7-4668-BE54-9A1E7A4F7556}") = "Sequoia.Logging", "src\Logging\Sequoia.Logging\Sequoia.Logging.csproj", "{7A6E1EF7-2A91-4304-BBDA-DD77513C9893}"
EndProject
Project("{9A19103F-16F7-4668-BE54-9A1E7A4F7556}") = "Sequoia.Logging.Serilog", "src\Logging\Sequoia.Logging.Serilog\Sequoia.Logging.Serilog.csproj", "{C21A1935-EFA9-4BAB-82A4-D4005633D4CE}"
EndProject
Project("{9A19103F-16F7-4668-BE54-9A1E7A4F7556}") = "Sequoia.MessageBroker", "src\MessageBroker\Sequoia.MessageBroker\Sequoia.MessageBroker.csproj", "{0FDE5A87-3535-49BD-B70F-4C7243975D30}"
EndProject
Project("{9A19103F-16F7-4668-BE54-9A1E7A4F7556}") = "Sequoia.MessageBroker.Rabbit", "src\MessageBroker\Sequoia.MessageBroker.Rabbit\Sequoia.MessageBroker.Rabbit.csproj", "{921F078E-11EC-4E52-A503-76260B20562A}"
EndProject
Project("{2150E333-8FDC-42A3-9474-1A3956D46DE8}") = "Authentication", "Authentication", "{EBBB4253-5AD2-40B6-AEC8-FB24937D4772}"
EndProject
Project("{2150E333-8FDC-42A3-9474-1A3956D46DE8}") = "Data", "Data", "{4C10FB30-3E28-4807-ADB2-57607ED2E0B1}"
EndProject
Project("{2150E333-8FDC-42A3-9474-1A3956D46DE8}") = "Jobs", "Jobs", "{079931FB-9F27-4A56-A144-DD42140E0EC1}"
EndProject
Project("{2150E333-8FDC-42A3-9474-1A3956D46DE8}") = "Logging", "Logging", "{597C37CB-31CC-45BE-9AB9-4148BE14C7B8}"
EndProject
Project("{2150E333-8FDC-42A3-9474-1A3956D46DE8}") = "MessageBroker", "MessageBroker", "{49FCDB47-DE8C-4B1B-879D-BC2AE2E36BCE}"
EndProject
Project("{2150E333-8FDC-42A3-9474-1A3956D46DE8}") = "Sequoia", "Sequoia", "{E893BDFC-EAD3-440A-8752-ACEF2F6248A0}"
EndProject
Project("{2150E333-8FDC-42A3-9474-1A3956D46DE8}") = "Basic", "Basic", "{5F6BC9B2-F0F2-41D1-ADA5-773FCF5AA06E}"
EndProject
Project("{2150E333-8FDC-42A3-9474-1A3956D46DE8}") = "Bearer", "Bearer", "{D72D7EB9-2877-42CA-AAA8-4B1A9D85A30E}"
EndProject
Project("{2150E333-8FDC-42A3-9474-1A3956D46DE8}") = "Dapper", "Dapper", "{099467CE-EABB-4A88-9F09-4373BA7DD341}"
EndProject
Project("{2150E333-8FDC-42A3-9474-1A3956D46DE8}") = "Mongo", "Mongo", "{7470B2BD-F2DF-4597-849D-EBC1584674C3}"
EndProject
Project("{2150E333-8FDC-42A3-9474-1A3956D46DE8}") = "Postgresql", "Postgresql", "{244E26A1-7D14-45F3-9CFD-03FAD96D3FBE}"
EndProject
Project("{2150E333-8FDC-42A3-9474-1A3956D46DE8}") = "WebClient", "WebClient", "{DC9D28FC-5556-4E13-8A51-E8A17AD5D43D}"
EndProject
Project("{2150E333-8FDC-42A3-9474-1A3956D46DE8}") = "Quartz", "Quartz", "{E1DA1C35-8D07-43D0-9B43-37C99A18EF87}"
EndProject
Project("{2150E333-8FDC-42A3-9474-1A3956D46DE8}") = "Serilog", "Serilog", "{61D86920-D3C5-46FB-8FBF-B34A70663A29}"
EndProject
Project("{2150E333-8FDC-42A3-9474-1A3956D46DE8}") = "Rabbit", "Rabbit", "{84268E0C-A079-425B-9DC4-435D5F09B871}"
EndProject
Project("{2150E333-8FDC-42A3-9474-1A3956D46DE8}") = "Complex", "Complex", "{9B3BB34F-1A97-4DCE-825A-0DE18B686CD7}"
EndProject
Project("{9A19103F-16F7-4668-BE54-9A1E7A4F7556}") = "Samples.Authentication.Basic.Api", "samples\Authentication\Basic\Samples.Authentication.Basic.Api\Samples.Authentication.Basic.Api.csproj", "{9F2D340D-6A0E-4691-9441-5B1145DE6027}"
EndProject
Project("{9A19103F-16F7-4668-BE54-9A1E7A4F7556}") = "Samples.Authentication.Basic.Core", "samples\Authentication\Basic\Samples.Authentication.Basic.Core\Samples.Authentication.Basic.Core.csproj", "{F3C97E12-480C-41A9-9F54-3E7F6EA9AACB}"
EndProject
Project("{9A19103F-16F7-4668-BE54-9A1E7A4F7556}") = "Samples.Authentication.Basic.Tests", "samples\Authentication\Basic\Samples.Authentication.Basic.Tests\Samples.Authentication.Basic.Tests.csproj", "{92AB2561-AE9E-427A-96FF-FB304C0D867F}"
EndProject
Project("{9A19103F-16F7-4668-BE54-9A1E7A4F7556}") = "Samples.Authentication.Bearer.Api", "samples\Authentication\Bearer\Samples.Authentication.Bearer.Api\Samples.Authentication.Bearer.Api.csproj", "{1A574745-6829-4E10-A657-5210CCCBC185}"
EndProject
Project("{9A19103F-16F7-4668-BE54-9A1E7A4F7556}") = "Samples.Authentication.Bearer.Core", "samples\Authentication\Bearer\Samples.Authentication.Bearer.Core\Samples.Authentication.Bearer.Core.csproj", "{DCEB346C-808B-410C-845F-AB31728A4B23}"
EndProject
Project("{9A19103F-16F7-4668-BE54-9A1E7A4F7556}") = "Samples.Authentication.Bearer.Tests", "samples\Authentication\Bearer\Samples.Authentication.Bearer.Tests\Samples.Authentication.Bearer.Tests.csproj", "{4650D371-AA0D-4ED7-9F4E-DF85C7C42DC8}"
EndProject
Project("{9A19103F-16F7-4668-BE54-9A1E7A4F7556}") = "Samples.Data.Dapper.Api", "samples\Data\Dapper\Samples.Data.Dapper.Api\Samples.Data.Dapper.Api.csproj", "{A276B296-F6EB-4892-8B53-D7998829123B}"
EndProject
Project("{9A19103F-16F7-4668-BE54-9A1E7A4F7556}") = "Samples.Data.Dapper.Core", "samples\Data\Dapper\Samples.Data.Dapper.Core\Samples.Data.Dapper.Core.csproj", "{E0C97B9F-8918-4913-971B-582941809ED3}"
EndProject
Project("{9A19103F-16F7-4668-BE54-9A1E7A4F7556}") = "Samples.Data.Dapper.Tests", "samples\Data\Dapper\Samples.Data.Dapper.Tests\Samples.Data.Dapper.Tests.csproj", "{E009B531-8805-4FBA-96B2-FB89B0797206}"
EndProject
Project("{9A19103F-16F7-4668-BE54-9A1E7A4F7556}") = "Samples.Data.Mongo.Api", "samples\Data\Mongo\Samples.Data.Mongo.Api\Samples.Data.Mongo.Api.csproj", "{62106918-B773-4F7E-97A3-D33820C16C10}"
EndProject
Project("{9A19103F-16F7-4668-BE54-9A1E7A4F7556}") = "Samples.Data.Mongo.Core", "samples\Data\Mongo\Samples.Data.Mongo.Core\Samples.Data.Mongo.Core.csproj", "{823C672B-2494-4199-B00D-4984FF653CA3}"
EndProject
Project("{9A19103F-16F7-4668-BE54-9A1E7A4F7556}") = "Samples.Data.Mongo.Tests", "samples\Data\Mongo\Samples.Data.Mongo.Tests\Samples.Data.Mongo.Tests.csproj", "{BF31E8BA-795E-4BE7-88AE-F69A8E5CFFEF}"
EndProject
Project("{9A19103F-16F7-4668-BE54-9A1E7A4F7556}") = "Samples.Data.Postgresql.Api", "samples\Data\Postgresql\Samples.Data.Postgresql.Api\Samples.Data.Postgresql.Api.csproj", "{82B366EE-8731-45CD-A114-E09DA5C760D7}"
EndProject
Project("{9A19103F-16F7-4668-BE54-9A1E7A4F7556}") = "Samples.Data.Postgresql.Core", "samples\Data\Postgresql\Samples.Data.Postgresql.Core\Samples.Data.Postgresql.Core.csproj", "{62830107-8282-4302-BC45-1D3939BFC3C8}"
EndProject
Project("{9A19103F-16F7-4668-BE54-9A1E7A4F7556}") = "Samples.Data.Postgresql.Tests", "samples\Data\Postgresql\Samples.Data.Postgresql.Tests\Samples.Data.Postgresql.Tests.csproj", "{CB83EF0B-D201-4D8E-8622-BDD8397BBB79}"
EndProject
Project("{9A19103F-16F7-4668-BE54-9A1E7A4F7556}") = "Samples.Data.WebClient.Api", "samples\Data\WebClient\Samples.Data.WebClient.Api\Samples.Data.WebClient.Api.csproj", "{BF8A08E3-58ED-40DB-ACAE-B71FA58879EC}"
EndProject
Project("{9A19103F-16F7-4668-BE54-9A1E7A4F7556}") = "Samples.Data.WebClient.Core", "samples\Data\WebClient\Samples.Data.WebClient.Core\Samples.Data.WebClient.Core.csproj", "{00DBAD1F-4BEC-4E53-B7EE-2F78DDA5E0A2}"
EndProject
Project("{9A19103F-16F7-4668-BE54-9A1E7A4F7556}") = "Samples.Data.WebClient.Tests", "samples\Data\WebClient\Samples.Data.WebClient.Tests\Samples.Data.WebClient.Tests.csproj", "{68DD5C10-EA31-4F72-AA4C-E1D0C8AB71B5}"
EndProject
Project("{9A19103F-16F7-4668-BE54-9A1E7A4F7556}") = "Samples.Jobs.Quartz.Api", "samples\Jobs\Quartz\Samples.Jobs.Quartz.Api\Samples.Jobs.Quartz.Api.csproj", "{371EDDAE-2809-46A3-A2F8-05A73C776492}"
EndProject
Project("{9A19103F-16F7-4668-BE54-9A1E7A4F7556}") = "Samples.Jobs.Quartz.Core", "samples\Jobs\Quartz\Samples.Jobs.Quartz.Core\Samples.Jobs.Quartz.Core.csproj", "{FCCE7193-BF3D-47E2-95CF-A4D71B5A1DDD}"
EndProject
Project("{9A19103F-16F7-4668-BE54-9A1E7A4F7556}") = "Samples.Jobs.Quartz.Tests", "samples\Jobs\Quartz\Samples.Jobs.Quartz.Tests\Samples.Jobs.Quartz.Tests.csproj", "{61F521EB-302E-482D-AB88-4B2B5CEB01F1}"
EndProject
Project("{9A19103F-16F7-4668-BE54-9A1E7A4F7556}") = "Samples.Logging.Serilog.Api", "samples\Logging\Serilog\Samples.Logging.Serilog.Api\Samples.Logging.Serilog.Api.csproj", "{A948482A-B906-41A8-9BC4-16ABC6897919}"
EndProject
Project("{9A19103F-16F7-4668-BE54-9A1E7A4F7556}") = "Samples.Logging.Serilog.Core", "samples\Logging\Serilog\Samples.Logging.Serilog.Core\Samples.Logging.Serilog.Core.csproj", "{24A54DB0-9637-4563-B3F7-8230F53C8151}"
EndProject
Project("{9A19103F-16F7-4668-BE54-9A1E7A4F7556}") = "Samples.Logging.Serilog.Tests", "samples\Logging\Serilog\Samples.Logging.Serilog.Tests\Samples.Logging.Serilog.Tests.csproj", "{A14C98D1-8F0B-4E52-874E-7D5744E9E8D5}"
EndProject
Project("{9A19103F-16F7-4668-BE54-9A1E7A4F7556}") = "Samples.MessageBroker.Rabbit.Api", "samples\MessageBroker\Rabbit\Samples.MessageBroker.Rabbit.Api\Samples.MessageBroker.Rabbit.Api.csproj", "{64BA228F-1EF6-4543-9E3F-ED21AF6BC692}"
EndProject
Project("{9A19103F-16F7-4668-BE54-9A1E7A4F7556}") = "Samples.MessageBroker.Rabbit.Core", "samples\MessageBroker\Rabbit\Samples.MessageBroker.Rabbit.Core\Samples.MessageBroker.Rabbit.Core.csproj", "{4F011DC2-AA49-46F7-ABDB-50012E978103}"
EndProject
Project("{9A19103F-16F7-4668-BE54-9A1E7A4F7556}") = "Samples.MessageBroker.Rabbit.Tests", "samples\MessageBroker\Rabbit\Samples.MessageBroker.Rabbit.Tests\Samples.MessageBroker.Rabbit.Tests.csproj", "{7F221ECE-DEDB-4043-B78C-215770F2F15B}"
EndProject
Project("{9A19103F-16F7-4668-BE54-9A1E7A4F7556}") = "Samples.Sequoia.Complex.Api", "samples\Sequoia\Complex\Samples.Sequoia.Complex.Api\Samples.Sequoia.Complex.Api.csproj", "{87170565-FC77-41E8-9F54-8EB34504C443}"
EndProject
Project("{9A19103F-16F7-4668-BE54-9A1E7A4F7556}") = "Samples.Sequoia.Complex.Core", "samples\Sequoia\Complex\Samples.Sequoia.Complex.Core\Samples.Sequoia.Complex.Core.csproj", "{834BE2DE-E7EA-48F3-9796-6AB34211746A}"
EndProject
Project("{9A19103F-16F7-4668-BE54-9A1E7A4F7556}") = "Samples.Sequoia.Complex.Tests", "samples\Sequoia\Complex\Samples.Sequoia.Complex.Tests\Samples.Sequoia.Complex.Tests.csproj", "{9CEA4C0B-794C-4F78-A0FF-1C550C885255}"
EndProject
Project("{E53339B2-1760-4266-BCC7-CA923CBCF16C}") = "docker-compose", "docker-compose.dcproj", "{21BC6AC4-F202-495E-AB57-8734BC71B870}"
EndProject
Project("{FAE04EC0-301F-11D3-BF4B-00C04F79EFBC}") = "Sequoia.Logging.Microsoft", "src\Logging\Sequoia.Logging.Microsoft\Sequoia.Logging.Microsoft.csproj", "{A03BB67D-89B2-4F5A-A256-0789DAFA5FED}"
EndProject
Global
	GlobalSection(SolutionConfigurationPlatforms) = preSolution
		Debug|Any CPU = Debug|Any CPU
		Release|Any CPU = Release|Any CPU
	EndGlobalSection
	GlobalSection(ProjectConfigurationPlatforms) = postSolution
		{FBAD540E-E6E1-4D70-BA89-D72620368231}.Debug|Any CPU.ActiveCfg = Debug|Any CPU
		{FBAD540E-E6E1-4D70-BA89-D72620368231}.Debug|Any CPU.Build.0 = Debug|Any CPU
		{FBAD540E-E6E1-4D70-BA89-D72620368231}.Release|Any CPU.ActiveCfg = Release|Any CPU
		{FBAD540E-E6E1-4D70-BA89-D72620368231}.Release|Any CPU.Build.0 = Release|Any CPU
		{3292ECC8-732D-43F3-ADD5-62E58248A26B}.Debug|Any CPU.ActiveCfg = Debug|Any CPU
		{3292ECC8-732D-43F3-ADD5-62E58248A26B}.Debug|Any CPU.Build.0 = Debug|Any CPU
		{3292ECC8-732D-43F3-ADD5-62E58248A26B}.Release|Any CPU.ActiveCfg = Release|Any CPU
		{3292ECC8-732D-43F3-ADD5-62E58248A26B}.Release|Any CPU.Build.0 = Release|Any CPU
		{7599A270-E68A-4C2F-B8E8-D5F4245B6357}.Debug|Any CPU.ActiveCfg = Debug|Any CPU
		{7599A270-E68A-4C2F-B8E8-D5F4245B6357}.Debug|Any CPU.Build.0 = Debug|Any CPU
		{7599A270-E68A-4C2F-B8E8-D5F4245B6357}.Release|Any CPU.ActiveCfg = Release|Any CPU
		{7599A270-E68A-4C2F-B8E8-D5F4245B6357}.Release|Any CPU.Build.0 = Release|Any CPU
		{D4A30767-D349-4091-8C16-AA12050E5A22}.Debug|Any CPU.ActiveCfg = Debug|Any CPU
		{D4A30767-D349-4091-8C16-AA12050E5A22}.Debug|Any CPU.Build.0 = Debug|Any CPU
		{D4A30767-D349-4091-8C16-AA12050E5A22}.Release|Any CPU.ActiveCfg = Release|Any CPU
		{D4A30767-D349-4091-8C16-AA12050E5A22}.Release|Any CPU.Build.0 = Release|Any CPU
		{1327583D-3393-4235-8C19-5B6F9085B77A}.Debug|Any CPU.ActiveCfg = Debug|Any CPU
		{1327583D-3393-4235-8C19-5B6F9085B77A}.Debug|Any CPU.Build.0 = Debug|Any CPU
		{1327583D-3393-4235-8C19-5B6F9085B77A}.Release|Any CPU.ActiveCfg = Release|Any CPU
		{1327583D-3393-4235-8C19-5B6F9085B77A}.Release|Any CPU.Build.0 = Release|Any CPU
		{A0E85697-3E91-45B6-A91B-9BED7E259FDC}.Debug|Any CPU.ActiveCfg = Debug|Any CPU
		{A0E85697-3E91-45B6-A91B-9BED7E259FDC}.Debug|Any CPU.Build.0 = Debug|Any CPU
		{A0E85697-3E91-45B6-A91B-9BED7E259FDC}.Release|Any CPU.ActiveCfg = Release|Any CPU
		{A0E85697-3E91-45B6-A91B-9BED7E259FDC}.Release|Any CPU.Build.0 = Release|Any CPU
		{FC4F9691-BE1D-4A92-991D-C54F076D748D}.Debug|Any CPU.ActiveCfg = Debug|Any CPU
		{FC4F9691-BE1D-4A92-991D-C54F076D748D}.Debug|Any CPU.Build.0 = Debug|Any CPU
		{FC4F9691-BE1D-4A92-991D-C54F076D748D}.Release|Any CPU.ActiveCfg = Release|Any CPU
		{FC4F9691-BE1D-4A92-991D-C54F076D748D}.Release|Any CPU.Build.0 = Release|Any CPU
		{C151DF3A-FAC2-46F4-B359-9C899B6E859E}.Debug|Any CPU.ActiveCfg = Debug|Any CPU
		{C151DF3A-FAC2-46F4-B359-9C899B6E859E}.Debug|Any CPU.Build.0 = Debug|Any CPU
		{C151DF3A-FAC2-46F4-B359-9C899B6E859E}.Release|Any CPU.ActiveCfg = Release|Any CPU
		{C151DF3A-FAC2-46F4-B359-9C899B6E859E}.Release|Any CPU.Build.0 = Release|Any CPU
		{F7A2946E-4DEF-4FCE-B9BD-0F21FE7E8531}.Debug|Any CPU.ActiveCfg = Debug|Any CPU
		{F7A2946E-4DEF-4FCE-B9BD-0F21FE7E8531}.Debug|Any CPU.Build.0 = Debug|Any CPU
		{F7A2946E-4DEF-4FCE-B9BD-0F21FE7E8531}.Release|Any CPU.ActiveCfg = Release|Any CPU
		{F7A2946E-4DEF-4FCE-B9BD-0F21FE7E8531}.Release|Any CPU.Build.0 = Release|Any CPU
		{0F44154B-C68F-44DD-9253-FB4D06C57341}.Debug|Any CPU.ActiveCfg = Debug|Any CPU
		{0F44154B-C68F-44DD-9253-FB4D06C57341}.Debug|Any CPU.Build.0 = Debug|Any CPU
		{0F44154B-C68F-44DD-9253-FB4D06C57341}.Release|Any CPU.ActiveCfg = Release|Any CPU
		{0F44154B-C68F-44DD-9253-FB4D06C57341}.Release|Any CPU.Build.0 = Release|Any CPU
		{45340D86-33E1-47AD-BD15-66BDFEF5ABDC}.Debug|Any CPU.ActiveCfg = Debug|Any CPU
		{45340D86-33E1-47AD-BD15-66BDFEF5ABDC}.Debug|Any CPU.Build.0 = Debug|Any CPU
		{45340D86-33E1-47AD-BD15-66BDFEF5ABDC}.Release|Any CPU.ActiveCfg = Release|Any CPU
		{45340D86-33E1-47AD-BD15-66BDFEF5ABDC}.Release|Any CPU.Build.0 = Release|Any CPU
		{B29CB940-BCC5-464D-9CC4-F24A3DE500AF}.Debug|Any CPU.ActiveCfg = Debug|Any CPU
		{B29CB940-BCC5-464D-9CC4-F24A3DE500AF}.Debug|Any CPU.Build.0 = Debug|Any CPU
		{B29CB940-BCC5-464D-9CC4-F24A3DE500AF}.Release|Any CPU.ActiveCfg = Release|Any CPU
		{B29CB940-BCC5-464D-9CC4-F24A3DE500AF}.Release|Any CPU.Build.0 = Release|Any CPU
		{7883A593-CF0C-48D6-A59F-369041B3B3E7}.Debug|Any CPU.ActiveCfg = Debug|Any CPU
		{7883A593-CF0C-48D6-A59F-369041B3B3E7}.Debug|Any CPU.Build.0 = Debug|Any CPU
		{7883A593-CF0C-48D6-A59F-369041B3B3E7}.Release|Any CPU.ActiveCfg = Release|Any CPU
		{7883A593-CF0C-48D6-A59F-369041B3B3E7}.Release|Any CPU.Build.0 = Release|Any CPU
		{7A6E1EF7-2A91-4304-BBDA-DD77513C9893}.Debug|Any CPU.ActiveCfg = Debug|Any CPU
		{7A6E1EF7-2A91-4304-BBDA-DD77513C9893}.Debug|Any CPU.Build.0 = Debug|Any CPU
		{7A6E1EF7-2A91-4304-BBDA-DD77513C9893}.Release|Any CPU.ActiveCfg = Release|Any CPU
		{7A6E1EF7-2A91-4304-BBDA-DD77513C9893}.Release|Any CPU.Build.0 = Release|Any CPU
		{C21A1935-EFA9-4BAB-82A4-D4005633D4CE}.Debug|Any CPU.ActiveCfg = Debug|Any CPU
		{C21A1935-EFA9-4BAB-82A4-D4005633D4CE}.Debug|Any CPU.Build.0 = Debug|Any CPU
		{C21A1935-EFA9-4BAB-82A4-D4005633D4CE}.Release|Any CPU.ActiveCfg = Release|Any CPU
		{C21A1935-EFA9-4BAB-82A4-D4005633D4CE}.Release|Any CPU.Build.0 = Release|Any CPU
		{0FDE5A87-3535-49BD-B70F-4C7243975D30}.Debug|Any CPU.ActiveCfg = Debug|Any CPU
		{0FDE5A87-3535-49BD-B70F-4C7243975D30}.Debug|Any CPU.Build.0 = Debug|Any CPU
		{0FDE5A87-3535-49BD-B70F-4C7243975D30}.Release|Any CPU.ActiveCfg = Release|Any CPU
		{0FDE5A87-3535-49BD-B70F-4C7243975D30}.Release|Any CPU.Build.0 = Release|Any CPU
		{921F078E-11EC-4E52-A503-76260B20562A}.Debug|Any CPU.ActiveCfg = Debug|Any CPU
		{921F078E-11EC-4E52-A503-76260B20562A}.Debug|Any CPU.Build.0 = Debug|Any CPU
		{921F078E-11EC-4E52-A503-76260B20562A}.Release|Any CPU.ActiveCfg = Release|Any CPU
		{921F078E-11EC-4E52-A503-76260B20562A}.Release|Any CPU.Build.0 = Release|Any CPU
		{9F2D340D-6A0E-4691-9441-5B1145DE6027}.Debug|Any CPU.ActiveCfg = Debug|Any CPU
		{9F2D340D-6A0E-4691-9441-5B1145DE6027}.Debug|Any CPU.Build.0 = Debug|Any CPU
		{9F2D340D-6A0E-4691-9441-5B1145DE6027}.Release|Any CPU.ActiveCfg = Release|Any CPU
		{9F2D340D-6A0E-4691-9441-5B1145DE6027}.Release|Any CPU.Build.0 = Release|Any CPU
		{F3C97E12-480C-41A9-9F54-3E7F6EA9AACB}.Debug|Any CPU.ActiveCfg = Debug|Any CPU
		{F3C97E12-480C-41A9-9F54-3E7F6EA9AACB}.Debug|Any CPU.Build.0 = Debug|Any CPU
		{F3C97E12-480C-41A9-9F54-3E7F6EA9AACB}.Release|Any CPU.ActiveCfg = Release|Any CPU
		{F3C97E12-480C-41A9-9F54-3E7F6EA9AACB}.Release|Any CPU.Build.0 = Release|Any CPU
		{92AB2561-AE9E-427A-96FF-FB304C0D867F}.Debug|Any CPU.ActiveCfg = Debug|Any CPU
		{92AB2561-AE9E-427A-96FF-FB304C0D867F}.Debug|Any CPU.Build.0 = Debug|Any CPU
		{92AB2561-AE9E-427A-96FF-FB304C0D867F}.Release|Any CPU.ActiveCfg = Release|Any CPU
		{92AB2561-AE9E-427A-96FF-FB304C0D867F}.Release|Any CPU.Build.0 = Release|Any CPU
		{1A574745-6829-4E10-A657-5210CCCBC185}.Debug|Any CPU.ActiveCfg = Debug|Any CPU
		{1A574745-6829-4E10-A657-5210CCCBC185}.Debug|Any CPU.Build.0 = Debug|Any CPU
		{1A574745-6829-4E10-A657-5210CCCBC185}.Release|Any CPU.ActiveCfg = Release|Any CPU
		{1A574745-6829-4E10-A657-5210CCCBC185}.Release|Any CPU.Build.0 = Release|Any CPU
		{DCEB346C-808B-410C-845F-AB31728A4B23}.Debug|Any CPU.ActiveCfg = Debug|Any CPU
		{DCEB346C-808B-410C-845F-AB31728A4B23}.Debug|Any CPU.Build.0 = Debug|Any CPU
		{DCEB346C-808B-410C-845F-AB31728A4B23}.Release|Any CPU.ActiveCfg = Release|Any CPU
		{DCEB346C-808B-410C-845F-AB31728A4B23}.Release|Any CPU.Build.0 = Release|Any CPU
		{4650D371-AA0D-4ED7-9F4E-DF85C7C42DC8}.Debug|Any CPU.ActiveCfg = Debug|Any CPU
		{4650D371-AA0D-4ED7-9F4E-DF85C7C42DC8}.Debug|Any CPU.Build.0 = Debug|Any CPU
		{4650D371-AA0D-4ED7-9F4E-DF85C7C42DC8}.Release|Any CPU.ActiveCfg = Release|Any CPU
		{4650D371-AA0D-4ED7-9F4E-DF85C7C42DC8}.Release|Any CPU.Build.0 = Release|Any CPU
		{A276B296-F6EB-4892-8B53-D7998829123B}.Debug|Any CPU.ActiveCfg = Debug|Any CPU
		{A276B296-F6EB-4892-8B53-D7998829123B}.Debug|Any CPU.Build.0 = Debug|Any CPU
		{A276B296-F6EB-4892-8B53-D7998829123B}.Release|Any CPU.ActiveCfg = Release|Any CPU
		{A276B296-F6EB-4892-8B53-D7998829123B}.Release|Any CPU.Build.0 = Release|Any CPU
		{E0C97B9F-8918-4913-971B-582941809ED3}.Debug|Any CPU.ActiveCfg = Debug|Any CPU
		{E0C97B9F-8918-4913-971B-582941809ED3}.Debug|Any CPU.Build.0 = Debug|Any CPU
		{E0C97B9F-8918-4913-971B-582941809ED3}.Release|Any CPU.ActiveCfg = Release|Any CPU
		{E0C97B9F-8918-4913-971B-582941809ED3}.Release|Any CPU.Build.0 = Release|Any CPU
		{E009B531-8805-4FBA-96B2-FB89B0797206}.Debug|Any CPU.ActiveCfg = Debug|Any CPU
		{E009B531-8805-4FBA-96B2-FB89B0797206}.Debug|Any CPU.Build.0 = Debug|Any CPU
		{E009B531-8805-4FBA-96B2-FB89B0797206}.Release|Any CPU.ActiveCfg = Release|Any CPU
		{E009B531-8805-4FBA-96B2-FB89B0797206}.Release|Any CPU.Build.0 = Release|Any CPU
		{62106918-B773-4F7E-97A3-D33820C16C10}.Debug|Any CPU.ActiveCfg = Debug|Any CPU
		{62106918-B773-4F7E-97A3-D33820C16C10}.Debug|Any CPU.Build.0 = Debug|Any CPU
		{62106918-B773-4F7E-97A3-D33820C16C10}.Release|Any CPU.ActiveCfg = Release|Any CPU
		{62106918-B773-4F7E-97A3-D33820C16C10}.Release|Any CPU.Build.0 = Release|Any CPU
		{823C672B-2494-4199-B00D-4984FF653CA3}.Debug|Any CPU.ActiveCfg = Debug|Any CPU
		{823C672B-2494-4199-B00D-4984FF653CA3}.Debug|Any CPU.Build.0 = Debug|Any CPU
		{823C672B-2494-4199-B00D-4984FF653CA3}.Release|Any CPU.ActiveCfg = Release|Any CPU
		{823C672B-2494-4199-B00D-4984FF653CA3}.Release|Any CPU.Build.0 = Release|Any CPU
		{BF31E8BA-795E-4BE7-88AE-F69A8E5CFFEF}.Debug|Any CPU.ActiveCfg = Debug|Any CPU
		{BF31E8BA-795E-4BE7-88AE-F69A8E5CFFEF}.Debug|Any CPU.Build.0 = Debug|Any CPU
		{BF31E8BA-795E-4BE7-88AE-F69A8E5CFFEF}.Release|Any CPU.ActiveCfg = Release|Any CPU
		{BF31E8BA-795E-4BE7-88AE-F69A8E5CFFEF}.Release|Any CPU.Build.0 = Release|Any CPU
		{82B366EE-8731-45CD-A114-E09DA5C760D7}.Debug|Any CPU.ActiveCfg = Debug|Any CPU
		{82B366EE-8731-45CD-A114-E09DA5C760D7}.Debug|Any CPU.Build.0 = Debug|Any CPU
		{82B366EE-8731-45CD-A114-E09DA5C760D7}.Release|Any CPU.ActiveCfg = Release|Any CPU
		{82B366EE-8731-45CD-A114-E09DA5C760D7}.Release|Any CPU.Build.0 = Release|Any CPU
		{62830107-8282-4302-BC45-1D3939BFC3C8}.Debug|Any CPU.ActiveCfg = Debug|Any CPU
		{62830107-8282-4302-BC45-1D3939BFC3C8}.Debug|Any CPU.Build.0 = Debug|Any CPU
		{62830107-8282-4302-BC45-1D3939BFC3C8}.Release|Any CPU.ActiveCfg = Release|Any CPU
		{62830107-8282-4302-BC45-1D3939BFC3C8}.Release|Any CPU.Build.0 = Release|Any CPU
		{CB83EF0B-D201-4D8E-8622-BDD8397BBB79}.Debug|Any CPU.ActiveCfg = Debug|Any CPU
		{CB83EF0B-D201-4D8E-8622-BDD8397BBB79}.Debug|Any CPU.Build.0 = Debug|Any CPU
		{CB83EF0B-D201-4D8E-8622-BDD8397BBB79}.Release|Any CPU.ActiveCfg = Release|Any CPU
		{CB83EF0B-D201-4D8E-8622-BDD8397BBB79}.Release|Any CPU.Build.0 = Release|Any CPU
		{BF8A08E3-58ED-40DB-ACAE-B71FA58879EC}.Debug|Any CPU.ActiveCfg = Debug|Any CPU
		{BF8A08E3-58ED-40DB-ACAE-B71FA58879EC}.Debug|Any CPU.Build.0 = Debug|Any CPU
		{BF8A08E3-58ED-40DB-ACAE-B71FA58879EC}.Release|Any CPU.ActiveCfg = Release|Any CPU
		{BF8A08E3-58ED-40DB-ACAE-B71FA58879EC}.Release|Any CPU.Build.0 = Release|Any CPU
		{00DBAD1F-4BEC-4E53-B7EE-2F78DDA5E0A2}.Debug|Any CPU.ActiveCfg = Debug|Any CPU
		{00DBAD1F-4BEC-4E53-B7EE-2F78DDA5E0A2}.Debug|Any CPU.Build.0 = Debug|Any CPU
		{00DBAD1F-4BEC-4E53-B7EE-2F78DDA5E0A2}.Release|Any CPU.ActiveCfg = Release|Any CPU
		{00DBAD1F-4BEC-4E53-B7EE-2F78DDA5E0A2}.Release|Any CPU.Build.0 = Release|Any CPU
		{68DD5C10-EA31-4F72-AA4C-E1D0C8AB71B5}.Debug|Any CPU.ActiveCfg = Debug|Any CPU
		{68DD5C10-EA31-4F72-AA4C-E1D0C8AB71B5}.Debug|Any CPU.Build.0 = Debug|Any CPU
		{68DD5C10-EA31-4F72-AA4C-E1D0C8AB71B5}.Release|Any CPU.ActiveCfg = Release|Any CPU
		{68DD5C10-EA31-4F72-AA4C-E1D0C8AB71B5}.Release|Any CPU.Build.0 = Release|Any CPU
		{371EDDAE-2809-46A3-A2F8-05A73C776492}.Debug|Any CPU.ActiveCfg = Debug|Any CPU
		{371EDDAE-2809-46A3-A2F8-05A73C776492}.Debug|Any CPU.Build.0 = Debug|Any CPU
		{371EDDAE-2809-46A3-A2F8-05A73C776492}.Release|Any CPU.ActiveCfg = Release|Any CPU
		{371EDDAE-2809-46A3-A2F8-05A73C776492}.Release|Any CPU.Build.0 = Release|Any CPU
		{FCCE7193-BF3D-47E2-95CF-A4D71B5A1DDD}.Debug|Any CPU.ActiveCfg = Debug|Any CPU
		{FCCE7193-BF3D-47E2-95CF-A4D71B5A1DDD}.Debug|Any CPU.Build.0 = Debug|Any CPU
		{FCCE7193-BF3D-47E2-95CF-A4D71B5A1DDD}.Release|Any CPU.ActiveCfg = Release|Any CPU
		{FCCE7193-BF3D-47E2-95CF-A4D71B5A1DDD}.Release|Any CPU.Build.0 = Release|Any CPU
		{61F521EB-302E-482D-AB88-4B2B5CEB01F1}.Debug|Any CPU.ActiveCfg = Debug|Any CPU
		{61F521EB-302E-482D-AB88-4B2B5CEB01F1}.Debug|Any CPU.Build.0 = Debug|Any CPU
		{61F521EB-302E-482D-AB88-4B2B5CEB01F1}.Release|Any CPU.ActiveCfg = Release|Any CPU
		{61F521EB-302E-482D-AB88-4B2B5CEB01F1}.Release|Any CPU.Build.0 = Release|Any CPU
		{A948482A-B906-41A8-9BC4-16ABC6897919}.Debug|Any CPU.ActiveCfg = Debug|Any CPU
		{A948482A-B906-41A8-9BC4-16ABC6897919}.Debug|Any CPU.Build.0 = Debug|Any CPU
		{A948482A-B906-41A8-9BC4-16ABC6897919}.Release|Any CPU.ActiveCfg = Release|Any CPU
		{A948482A-B906-41A8-9BC4-16ABC6897919}.Release|Any CPU.Build.0 = Release|Any CPU
		{24A54DB0-9637-4563-B3F7-8230F53C8151}.Debug|Any CPU.ActiveCfg = Debug|Any CPU
		{24A54DB0-9637-4563-B3F7-8230F53C8151}.Debug|Any CPU.Build.0 = Debug|Any CPU
		{24A54DB0-9637-4563-B3F7-8230F53C8151}.Release|Any CPU.ActiveCfg = Release|Any CPU
		{24A54DB0-9637-4563-B3F7-8230F53C8151}.Release|Any CPU.Build.0 = Release|Any CPU
		{A14C98D1-8F0B-4E52-874E-7D5744E9E8D5}.Debug|Any CPU.ActiveCfg = Debug|Any CPU
		{A14C98D1-8F0B-4E52-874E-7D5744E9E8D5}.Debug|Any CPU.Build.0 = Debug|Any CPU
		{A14C98D1-8F0B-4E52-874E-7D5744E9E8D5}.Release|Any CPU.ActiveCfg = Release|Any CPU
		{A14C98D1-8F0B-4E52-874E-7D5744E9E8D5}.Release|Any CPU.Build.0 = Release|Any CPU
		{64BA228F-1EF6-4543-9E3F-ED21AF6BC692}.Debug|Any CPU.ActiveCfg = Debug|Any CPU
		{64BA228F-1EF6-4543-9E3F-ED21AF6BC692}.Debug|Any CPU.Build.0 = Debug|Any CPU
		{64BA228F-1EF6-4543-9E3F-ED21AF6BC692}.Release|Any CPU.ActiveCfg = Release|Any CPU
		{64BA228F-1EF6-4543-9E3F-ED21AF6BC692}.Release|Any CPU.Build.0 = Release|Any CPU
		{4F011DC2-AA49-46F7-ABDB-50012E978103}.Debug|Any CPU.ActiveCfg = Debug|Any CPU
		{4F011DC2-AA49-46F7-ABDB-50012E978103}.Debug|Any CPU.Build.0 = Debug|Any CPU
		{4F011DC2-AA49-46F7-ABDB-50012E978103}.Release|Any CPU.ActiveCfg = Release|Any CPU
		{4F011DC2-AA49-46F7-ABDB-50012E978103}.Release|Any CPU.Build.0 = Release|Any CPU
		{7F221ECE-DEDB-4043-B78C-215770F2F15B}.Debug|Any CPU.ActiveCfg = Debug|Any CPU
		{7F221ECE-DEDB-4043-B78C-215770F2F15B}.Debug|Any CPU.Build.0 = Debug|Any CPU
		{7F221ECE-DEDB-4043-B78C-215770F2F15B}.Release|Any CPU.ActiveCfg = Release|Any CPU
		{7F221ECE-DEDB-4043-B78C-215770F2F15B}.Release|Any CPU.Build.0 = Release|Any CPU
		{87170565-FC77-41E8-9F54-8EB34504C443}.Debug|Any CPU.ActiveCfg = Debug|Any CPU
		{87170565-FC77-41E8-9F54-8EB34504C443}.Debug|Any CPU.Build.0 = Debug|Any CPU
		{87170565-FC77-41E8-9F54-8EB34504C443}.Release|Any CPU.ActiveCfg = Release|Any CPU
		{87170565-FC77-41E8-9F54-8EB34504C443}.Release|Any CPU.Build.0 = Release|Any CPU
		{834BE2DE-E7EA-48F3-9796-6AB34211746A}.Debug|Any CPU.ActiveCfg = Debug|Any CPU
		{834BE2DE-E7EA-48F3-9796-6AB34211746A}.Debug|Any CPU.Build.0 = Debug|Any CPU
		{834BE2DE-E7EA-48F3-9796-6AB34211746A}.Release|Any CPU.ActiveCfg = Release|Any CPU
		{834BE2DE-E7EA-48F3-9796-6AB34211746A}.Release|Any CPU.Build.0 = Release|Any CPU
		{9CEA4C0B-794C-4F78-A0FF-1C550C885255}.Debug|Any CPU.ActiveCfg = Debug|Any CPU
		{9CEA4C0B-794C-4F78-A0FF-1C550C885255}.Debug|Any CPU.Build.0 = Debug|Any CPU
		{9CEA4C0B-794C-4F78-A0FF-1C550C885255}.Release|Any CPU.ActiveCfg = Release|Any CPU
		{9CEA4C0B-794C-4F78-A0FF-1C550C885255}.Release|Any CPU.Build.0 = Release|Any CPU
		{21BC6AC4-F202-495E-AB57-8734BC71B870}.Debug|Any CPU.ActiveCfg = Debug|Any CPU
		{21BC6AC4-F202-495E-AB57-8734BC71B870}.Debug|Any CPU.Build.0 = Debug|Any CPU
		{21BC6AC4-F202-495E-AB57-8734BC71B870}.Release|Any CPU.ActiveCfg = Release|Any CPU
		{21BC6AC4-F202-495E-AB57-8734BC71B870}.Release|Any CPU.Build.0 = Release|Any CPU
		{A03BB67D-89B2-4F5A-A256-0789DAFA5FED}.Debug|Any CPU.ActiveCfg = Debug|Any CPU
		{A03BB67D-89B2-4F5A-A256-0789DAFA5FED}.Debug|Any CPU.Build.0 = Debug|Any CPU
		{A03BB67D-89B2-4F5A-A256-0789DAFA5FED}.Release|Any CPU.ActiveCfg = Release|Any CPU
		{A03BB67D-89B2-4F5A-A256-0789DAFA5FED}.Release|Any CPU.Build.0 = Release|Any CPU
	EndGlobalSection
	GlobalSection(SolutionProperties) = preSolution
		HideSolutionNode = FALSE
	EndGlobalSection
	GlobalSection(NestedProjects) = preSolution
		{DBD55618-6949-42AA-9A35-0AFFDE714910} = {E2402D60-2461-49AC-ADD3-931FEAD3B4E5}
		{0A55E907-0BC2-48D3-B39F-6F74B92E878A} = {E2402D60-2461-49AC-ADD3-931FEAD3B4E5}
		{6A8C9C32-FE87-4426-AFBB-9B2A853226C2} = {E2402D60-2461-49AC-ADD3-931FEAD3B4E5}
		{DFC2C18C-317E-423B-BC21-E5718E6E4E38} = {E2402D60-2461-49AC-ADD3-931FEAD3B4E5}
		{94A45EFE-CFAB-4150-AA33-2DC37A0C5741} = {E2402D60-2461-49AC-ADD3-931FEAD3B4E5}
		{754400B6-F4AA-4163-8191-CADFC6A2D196} = {E2402D60-2461-49AC-ADD3-931FEAD3B4E5}
		{FBAD540E-E6E1-4D70-BA89-D72620368231} = {DBD55618-6949-42AA-9A35-0AFFDE714910}
		{3292ECC8-732D-43F3-ADD5-62E58248A26B} = {DBD55618-6949-42AA-9A35-0AFFDE714910}
		{7599A270-E68A-4C2F-B8E8-D5F4245B6357} = {DBD55618-6949-42AA-9A35-0AFFDE714910}
		{D4A30767-D349-4091-8C16-AA12050E5A22} = {0A55E907-0BC2-48D3-B39F-6F74B92E878A}
		{1327583D-3393-4235-8C19-5B6F9085B77A} = {0A55E907-0BC2-48D3-B39F-6F74B92E878A}
		{A0E85697-3E91-45B6-A91B-9BED7E259FDC} = {0A55E907-0BC2-48D3-B39F-6F74B92E878A}
		{FC4F9691-BE1D-4A92-991D-C54F076D748D} = {6A8C9C32-FE87-4426-AFBB-9B2A853226C2}
		{C151DF3A-FAC2-46F4-B359-9C899B6E859E} = {6A8C9C32-FE87-4426-AFBB-9B2A853226C2}
		{F7A2946E-4DEF-4FCE-B9BD-0F21FE7E8531} = {6A8C9C32-FE87-4426-AFBB-9B2A853226C2}
		{0F44154B-C68F-44DD-9253-FB4D06C57341} = {6A8C9C32-FE87-4426-AFBB-9B2A853226C2}
		{45340D86-33E1-47AD-BD15-66BDFEF5ABDC} = {6A8C9C32-FE87-4426-AFBB-9B2A853226C2}
		{B29CB940-BCC5-464D-9CC4-F24A3DE500AF} = {DFC2C18C-317E-423B-BC21-E5718E6E4E38}
		{7883A593-CF0C-48D6-A59F-369041B3B3E7} = {DFC2C18C-317E-423B-BC21-E5718E6E4E38}
		{7A6E1EF7-2A91-4304-BBDA-DD77513C9893} = {94A45EFE-CFAB-4150-AA33-2DC37A0C5741}
		{C21A1935-EFA9-4BAB-82A4-D4005633D4CE} = {94A45EFE-CFAB-4150-AA33-2DC37A0C5741}
		{0FDE5A87-3535-49BD-B70F-4C7243975D30} = {754400B6-F4AA-4163-8191-CADFC6A2D196}
		{921F078E-11EC-4E52-A503-76260B20562A} = {754400B6-F4AA-4163-8191-CADFC6A2D196}
		{EBBB4253-5AD2-40B6-AEC8-FB24937D4772} = {0E0C7795-488B-431F-839F-CC04D84C55D1}
		{4C10FB30-3E28-4807-ADB2-57607ED2E0B1} = {0E0C7795-488B-431F-839F-CC04D84C55D1}
		{079931FB-9F27-4A56-A144-DD42140E0EC1} = {0E0C7795-488B-431F-839F-CC04D84C55D1}
		{597C37CB-31CC-45BE-9AB9-4148BE14C7B8} = {0E0C7795-488B-431F-839F-CC04D84C55D1}
		{49FCDB47-DE8C-4B1B-879D-BC2AE2E36BCE} = {0E0C7795-488B-431F-839F-CC04D84C55D1}
		{E893BDFC-EAD3-440A-8752-ACEF2F6248A0} = {0E0C7795-488B-431F-839F-CC04D84C55D1}
		{5F6BC9B2-F0F2-41D1-ADA5-773FCF5AA06E} = {EBBB4253-5AD2-40B6-AEC8-FB24937D4772}
		{D72D7EB9-2877-42CA-AAA8-4B1A9D85A30E} = {EBBB4253-5AD2-40B6-AEC8-FB24937D4772}
		{099467CE-EABB-4A88-9F09-4373BA7DD341} = {4C10FB30-3E28-4807-ADB2-57607ED2E0B1}
		{7470B2BD-F2DF-4597-849D-EBC1584674C3} = {4C10FB30-3E28-4807-ADB2-57607ED2E0B1}
		{244E26A1-7D14-45F3-9CFD-03FAD96D3FBE} = {4C10FB30-3E28-4807-ADB2-57607ED2E0B1}
		{DC9D28FC-5556-4E13-8A51-E8A17AD5D43D} = {4C10FB30-3E28-4807-ADB2-57607ED2E0B1}
		{E1DA1C35-8D07-43D0-9B43-37C99A18EF87} = {079931FB-9F27-4A56-A144-DD42140E0EC1}
		{61D86920-D3C5-46FB-8FBF-B34A70663A29} = {597C37CB-31CC-45BE-9AB9-4148BE14C7B8}
		{84268E0C-A079-425B-9DC4-435D5F09B871} = {49FCDB47-DE8C-4B1B-879D-BC2AE2E36BCE}
		{9B3BB34F-1A97-4DCE-825A-0DE18B686CD7} = {E893BDFC-EAD3-440A-8752-ACEF2F6248A0}
		{9F2D340D-6A0E-4691-9441-5B1145DE6027} = {5F6BC9B2-F0F2-41D1-ADA5-773FCF5AA06E}
		{F3C97E12-480C-41A9-9F54-3E7F6EA9AACB} = {5F6BC9B2-F0F2-41D1-ADA5-773FCF5AA06E}
		{92AB2561-AE9E-427A-96FF-FB304C0D867F} = {5F6BC9B2-F0F2-41D1-ADA5-773FCF5AA06E}
		{1A574745-6829-4E10-A657-5210CCCBC185} = {D72D7EB9-2877-42CA-AAA8-4B1A9D85A30E}
		{DCEB346C-808B-410C-845F-AB31728A4B23} = {D72D7EB9-2877-42CA-AAA8-4B1A9D85A30E}
		{4650D371-AA0D-4ED7-9F4E-DF85C7C42DC8} = {D72D7EB9-2877-42CA-AAA8-4B1A9D85A30E}
		{A276B296-F6EB-4892-8B53-D7998829123B} = {099467CE-EABB-4A88-9F09-4373BA7DD341}
		{E0C97B9F-8918-4913-971B-582941809ED3} = {099467CE-EABB-4A88-9F09-4373BA7DD341}
		{E009B531-8805-4FBA-96B2-FB89B0797206} = {099467CE-EABB-4A88-9F09-4373BA7DD341}
		{62106918-B773-4F7E-97A3-D33820C16C10} = {7470B2BD-F2DF-4597-849D-EBC1584674C3}
		{823C672B-2494-4199-B00D-4984FF653CA3} = {7470B2BD-F2DF-4597-849D-EBC1584674C3}
		{BF31E8BA-795E-4BE7-88AE-F69A8E5CFFEF} = {7470B2BD-F2DF-4597-849D-EBC1584674C3}
		{82B366EE-8731-45CD-A114-E09DA5C760D7} = {244E26A1-7D14-45F3-9CFD-03FAD96D3FBE}
		{62830107-8282-4302-BC45-1D3939BFC3C8} = {244E26A1-7D14-45F3-9CFD-03FAD96D3FBE}
		{CB83EF0B-D201-4D8E-8622-BDD8397BBB79} = {244E26A1-7D14-45F3-9CFD-03FAD96D3FBE}
		{BF8A08E3-58ED-40DB-ACAE-B71FA58879EC} = {DC9D28FC-5556-4E13-8A51-E8A17AD5D43D}
		{00DBAD1F-4BEC-4E53-B7EE-2F78DDA5E0A2} = {DC9D28FC-5556-4E13-8A51-E8A17AD5D43D}
		{68DD5C10-EA31-4F72-AA4C-E1D0C8AB71B5} = {DC9D28FC-5556-4E13-8A51-E8A17AD5D43D}
		{371EDDAE-2809-46A3-A2F8-05A73C776492} = {E1DA1C35-8D07-43D0-9B43-37C99A18EF87}
		{FCCE7193-BF3D-47E2-95CF-A4D71B5A1DDD} = {E1DA1C35-8D07-43D0-9B43-37C99A18EF87}
		{61F521EB-302E-482D-AB88-4B2B5CEB01F1} = {E1DA1C35-8D07-43D0-9B43-37C99A18EF87}
		{A948482A-B906-41A8-9BC4-16ABC6897919} = {61D86920-D3C5-46FB-8FBF-B34A70663A29}
		{24A54DB0-9637-4563-B3F7-8230F53C8151} = {61D86920-D3C5-46FB-8FBF-B34A70663A29}
		{A14C98D1-8F0B-4E52-874E-7D5744E9E8D5} = {61D86920-D3C5-46FB-8FBF-B34A70663A29}
		{64BA228F-1EF6-4543-9E3F-ED21AF6BC692} = {84268E0C-A079-425B-9DC4-435D5F09B871}
		{4F011DC2-AA49-46F7-ABDB-50012E978103} = {84268E0C-A079-425B-9DC4-435D5F09B871}
		{7F221ECE-DEDB-4043-B78C-215770F2F15B} = {84268E0C-A079-425B-9DC4-435D5F09B871}
		{87170565-FC77-41E8-9F54-8EB34504C443} = {9B3BB34F-1A97-4DCE-825A-0DE18B686CD7}
		{834BE2DE-E7EA-48F3-9796-6AB34211746A} = {9B3BB34F-1A97-4DCE-825A-0DE18B686CD7}
		{9CEA4C0B-794C-4F78-A0FF-1C550C885255} = {9B3BB34F-1A97-4DCE-825A-0DE18B686CD7}
		{A03BB67D-89B2-4F5A-A256-0789DAFA5FED} = {94A45EFE-CFAB-4150-AA33-2DC37A0C5741}
	EndGlobalSection
	GlobalSection(ExtensibilityGlobals) = postSolution
		SolutionGuid = {2C8E49FD-E999-45EB-8590-AFE6C44F3DB1}
	EndGlobalSection
EndGlobal
